{
  "nodes": {
    "nixpkgs": {
      "locked": {
        "lastModified": 1674273972,
        "narHash": "sha256-j58tk+03txgOSANMEDYieezdA+enkX2Z7AU4TJ+xX8M=",
        "owner": "NixOS",
        "repo": "nixpkgs",
        "rev": "ad161ee67ce072cdef34d451031d6abebca8e93c",
        "type": "github"
      },
      "original": {
        "owner": "NixOS",
        "ref": "master",
        "repo": "nixpkgs",
        "type": "github"
      }
    },
    "root": {
      "inputs": {
        "nixpkgs": "nixpkgs"
      }
    }
  },
  "root": "root",
  "version": 7
}
